// !$*UTF8*$!
{
	archiveVersion = 1;
	classes = {
	};
	objectVersion = 48;
	objects = {

/* Begin PBXBuildFile section */
		06E1C903338DB67B9ABC2AD6 /* libPods-discoveryApiIosTests.a in Frameworks */ = {isa = PBXBuildFile; fileRef = 4F7F4827268937CD538F2ADD /* libPods-discoveryApiIosTests.a */; };
		09AC9AD0B1F6C92E9BAE6B6F /* libPods-discoveryApiIosUITests.a in Frameworks */ = {isa = PBXBuildFile; fileRef = 144C6E197A4266B5EDE2548B /* libPods-discoveryApiIosUITests.a */; };
		4648774E62974B3690D76C4F /* libPods-discoveryApiIos.a in Frameworks */ = {isa = PBXBuildFile; fileRef = A123BF6410958AE7D90A3BBF /* libPods-discoveryApiIos.a */; };
		5C092F6F2258D88E00E5FA1B /* AppDelegate.swift in Sources */ = {isa = PBXBuildFile; fileRef = 5C092F6E2258D88E00E5FA1B /* AppDelegate.swift */; };
		5C092F742258D88E00E5FA1B /* Main.storyboard in Resources */ = {isa = PBXBuildFile; fileRef = 5C092F722258D88E00E5FA1B /* Main.storyboard */; };
		5C092F762258D89000E5FA1B /* Assets.xcassets in Resources */ = {isa = PBXBuildFile; fileRef = 5C092F752258D89000E5FA1B /* Assets.xcassets */; };
		5C092F792258D89000E5FA1B /* LaunchScreen.storyboard in Resources */ = {isa = PBXBuildFile; fileRef = 5C092F772258D89000E5FA1B /* LaunchScreen.storyboard */; };
		5C092F842258D89000E5FA1B /* discoveryApiIosTests.swift in Sources */ = {isa = PBXBuildFile; fileRef = 5C092F832258D89000E5FA1B /* discoveryApiIosTests.swift */; };
		5C092F8F2258D89100E5FA1B /* discoveryApiIosUITests.swift in Sources */ = {isa = PBXBuildFile; fileRef = 5C092F8E2258D89100E5FA1B /* discoveryApiIosUITests.swift */; };
		5C092F9F2258EE3E00E5FA1B /* Api.swift in Sources */ = {isa = PBXBuildFile; fileRef = 5C092F9E2258EE3E00E5FA1B /* Api.swift */; };
		5C0A5C582260310A009550BD /* ApiTableViewController.swift in Sources */ = {isa = PBXBuildFile; fileRef = 5C0A5C572260310A009550BD /* ApiTableViewController.swift */; };
		5C1E14F12275DA8F0074C779 /* FavoriteApiViewCell.swift in Sources */ = {isa = PBXBuildFile; fileRef = 5C1E14F02275DA8F0074C779 /* FavoriteApiViewCell.swift */; };
		5C3BB293227912CF00739EEF /* TimeTracking.swift in Sources */ = {isa = PBXBuildFile; fileRef = 5C3BB292227912CF00739EEF /* TimeTracking.swift */; };
		5CE9A8B4225920D600234EA6 /* DiscoveryApis.swift in Sources */ = {isa = PBXBuildFile; fileRef = 5CE9A8B3225920D600234EA6 /* DiscoveryApis.swift */; };
		5CE9A8BC2259387A00234EA6 /* ApiViewCell.swift in Sources */ = {isa = PBXBuildFile; fileRef = 5CE9A8BB2259387A00234EA6 /* ApiViewCell.swift */; };
		5CFF043E2262337B00C54F13 /* ApiRemoteService.swift in Sources */ = {isa = PBXBuildFile; fileRef = 5CFF043D2262337B00C54F13 /* ApiRemoteService.swift */; };
		5CFF04402262344200C54F13 /* ApiRemoteRepository.swift in Sources */ = {isa = PBXBuildFile; fileRef = 5CFF043F2262344200C54F13 /* ApiRemoteRepository.swift */; };
		5CFF04422262400800C54F13 /* DatabaseManager.swift in Sources */ = {isa = PBXBuildFile; fileRef = 5CFF04412262400800C54F13 /* DatabaseManager.swift */; };
		5CFF04442262552600C54F13 /* ApiLocalService.swift in Sources */ = {isa = PBXBuildFile; fileRef = 5CFF04432262552600C54F13 /* ApiLocalService.swift */; };
		5CFF044922626A3700C54F13 /* FavoriteApisTableViewController.swift in Sources */ = {isa = PBXBuildFile; fileRef = 5CFF044822626A3700C54F13 /* FavoriteApisTableViewController.swift */; };
/* End PBXBuildFile section */

/* Begin PBXContainerItemProxy section */
		5C092F802258D89000E5FA1B /* PBXContainerItemProxy */ = {
			isa = PBXContainerItemProxy;
			containerPortal = 5C092F632258D88E00E5FA1B /* Project object */;
			proxyType = 1;
			remoteGlobalIDString = 5C092F6A2258D88E00E5FA1B;
			remoteInfo = discoveryApiIos;
		};
		5C092F8B2258D89000E5FA1B /* PBXContainerItemProxy */ = {
			isa = PBXContainerItemProxy;
			containerPortal = 5C092F632258D88E00E5FA1B /* Project object */;
			proxyType = 1;
			remoteGlobalIDString = 5C092F6A2258D88E00E5FA1B;
			remoteInfo = discoveryApiIos;
		};
/* End PBXContainerItemProxy section */

/* Begin PBXFileReference section */
		144C6E197A4266B5EDE2548B /* libPods-discoveryApiIosUITests.a */ = {isa = PBXFileReference; explicitFileType = archive.ar; includeInIndex = 0; path = "libPods-discoveryApiIosUITests.a"; sourceTree = BUILT_PRODUCTS_DIR; };
		168E403877E009754267E76A /* Pods-discoveryApiIosUITests.debug.xcconfig */ = {isa = PBXFileReference; includeInIndex = 1; lastKnownFileType = text.xcconfig; name = "Pods-discoveryApiIosUITests.debug.xcconfig"; path = "Target Support Files/Pods-discoveryApiIosUITests/Pods-discoveryApiIosUITests.debug.xcconfig"; sourceTree = "<group>"; };
		1D3E849B86E8777E8A13B97B /* Pods-discoveryApiIosTests.release.xcconfig */ = {isa = PBXFileReference; includeInIndex = 1; lastKnownFileType = text.xcconfig; name = "Pods-discoveryApiIosTests.release.xcconfig"; path = "Target Support Files/Pods-discoveryApiIosTests/Pods-discoveryApiIosTests.release.xcconfig"; sourceTree = "<group>"; };
		4F7F4827268937CD538F2ADD /* libPods-discoveryApiIosTests.a */ = {isa = PBXFileReference; explicitFileType = archive.ar; includeInIndex = 0; path = "libPods-discoveryApiIosTests.a"; sourceTree = BUILT_PRODUCTS_DIR; };
		5C092F6B2258D88E00E5FA1B /* discoveryApiIos.app */ = {isa = PBXFileReference; explicitFileType = wrapper.application; includeInIndex = 0; path = discoveryApiIos.app; sourceTree = BUILT_PRODUCTS_DIR; };
		5C092F6E2258D88E00E5FA1B /* AppDelegate.swift */ = {isa = PBXFileReference; lastKnownFileType = sourcecode.swift; path = AppDelegate.swift; sourceTree = "<group>"; };
		5C092F732258D88E00E5FA1B /* Base */ = {isa = PBXFileReference; lastKnownFileType = file.storyboard; name = Base; path = Base.lproj/Main.storyboard; sourceTree = "<group>"; };
		5C092F752258D89000E5FA1B /* Assets.xcassets */ = {isa = PBXFileReference; lastKnownFileType = folder.assetcatalog; path = Assets.xcassets; sourceTree = "<group>"; };
		5C092F782258D89000E5FA1B /* Base */ = {isa = PBXFileReference; lastKnownFileType = file.storyboard; name = Base; path = Base.lproj/LaunchScreen.storyboard; sourceTree = "<group>"; };
		5C092F7A2258D89000E5FA1B /* Info.plist */ = {isa = PBXFileReference; lastKnownFileType = text.plist.xml; path = Info.plist; sourceTree = "<group>"; };
		5C092F7F2258D89000E5FA1B /* discoveryApiIosTests.xctest */ = {isa = PBXFileReference; explicitFileType = wrapper.cfbundle; includeInIndex = 0; path = discoveryApiIosTests.xctest; sourceTree = BUILT_PRODUCTS_DIR; };
		5C092F832258D89000E5FA1B /* discoveryApiIosTests.swift */ = {isa = PBXFileReference; lastKnownFileType = sourcecode.swift; path = discoveryApiIosTests.swift; sourceTree = "<group>"; };
		5C092F852258D89000E5FA1B /* Info.plist */ = {isa = PBXFileReference; lastKnownFileType = text.plist.xml; path = Info.plist; sourceTree = "<group>"; };
		5C092F8A2258D89000E5FA1B /* discoveryApiIosUITests.xctest */ = {isa = PBXFileReference; explicitFileType = wrapper.cfbundle; includeInIndex = 0; path = discoveryApiIosUITests.xctest; sourceTree = BUILT_PRODUCTS_DIR; };
		5C092F8E2258D89100E5FA1B /* discoveryApiIosUITests.swift */ = {isa = PBXFileReference; lastKnownFileType = sourcecode.swift; path = discoveryApiIosUITests.swift; sourceTree = "<group>"; };
		5C092F902258D89100E5FA1B /* Info.plist */ = {isa = PBXFileReference; lastKnownFileType = text.plist.xml; path = Info.plist; sourceTree = "<group>"; };
		5C092F9E2258EE3E00E5FA1B /* Api.swift */ = {isa = PBXFileReference; lastKnownFileType = sourcecode.swift; path = Api.swift; sourceTree = "<group>"; };
		5C0A5C572260310A009550BD /* ApiTableViewController.swift */ = {isa = PBXFileReference; lastKnownFileType = sourcecode.swift; path = ApiTableViewController.swift; sourceTree = "<group>"; };
		5C1E14F02275DA8F0074C779 /* FavoriteApiViewCell.swift */ = {isa = PBXFileReference; lastKnownFileType = sourcecode.swift; path = FavoriteApiViewCell.swift; sourceTree = "<group>"; };
		5C3BB292227912CF00739EEF /* TimeTracking.swift */ = {isa = PBXFileReference; lastKnownFileType = sourcecode.swift; path = TimeTracking.swift; sourceTree = "<group>"; };
		5CE9A8B3225920D600234EA6 /* DiscoveryApis.swift */ = {isa = PBXFileReference; lastKnownFileType = sourcecode.swift; path = DiscoveryApis.swift; sourceTree = "<group>"; };
		5CE9A8BB2259387A00234EA6 /* ApiViewCell.swift */ = {isa = PBXFileReference; lastKnownFileType = sourcecode.swift; path = ApiViewCell.swift; sourceTree = "<group>"; };
		5CFF043D2262337B00C54F13 /* ApiRemoteService.swift */ = {isa = PBXFileReference; lastKnownFileType = sourcecode.swift; path = ApiRemoteService.swift; sourceTree = "<group>"; };
		5CFF043F2262344200C54F13 /* ApiRemoteRepository.swift */ = {isa = PBXFileReference; lastKnownFileType = sourcecode.swift; path = ApiRemoteRepository.swift; sourceTree = "<group>"; };
		5CFF04412262400800C54F13 /* DatabaseManager.swift */ = {isa = PBXFileReference; lastKnownFileType = sourcecode.swift; path = DatabaseManager.swift; sourceTree = "<group>"; };
		5CFF04432262552600C54F13 /* ApiLocalService.swift */ = {isa = PBXFileReference; lastKnownFileType = sourcecode.swift; path = ApiLocalService.swift; sourceTree = "<group>"; };
		5CFF044822626A3700C54F13 /* FavoriteApisTableViewController.swift */ = {isa = PBXFileReference; lastKnownFileType = sourcecode.swift; path = FavoriteApisTableViewController.swift; sourceTree = "<group>"; };
		7B531FCE85B691CBF19A817D /* Pods-discoveryApiIos.debug.xcconfig */ = {isa = PBXFileReference; includeInIndex = 1; lastKnownFileType = text.xcconfig; name = "Pods-discoveryApiIos.debug.xcconfig"; path = "Target Support Files/Pods-discoveryApiIos/Pods-discoveryApiIos.debug.xcconfig"; sourceTree = "<group>"; };
		9D89CE6407ABC7C6D73FE2F1 /* Pods-discoveryApiIos.release.xcconfig */ = {isa = PBXFileReference; includeInIndex = 1; lastKnownFileType = text.xcconfig; name = "Pods-discoveryApiIos.release.xcconfig"; path = "Target Support Files/Pods-discoveryApiIos/Pods-discoveryApiIos.release.xcconfig"; sourceTree = "<group>"; };
		A123BF6410958AE7D90A3BBF /* libPods-discoveryApiIos.a */ = {isa = PBXFileReference; explicitFileType = archive.ar; includeInIndex = 0; path = "libPods-discoveryApiIos.a"; sourceTree = BUILT_PRODUCTS_DIR; };
		B56FE8E54B08F951EA86D784 /* Pods-discoveryApiIosTests.debug.xcconfig */ = {isa = PBXFileReference; includeInIndex = 1; lastKnownFileType = text.xcconfig; name = "Pods-discoveryApiIosTests.debug.xcconfig"; path = "Target Support Files/Pods-discoveryApiIosTests/Pods-discoveryApiIosTests.debug.xcconfig"; sourceTree = "<group>"; };
		EED59F294667ACFF46C0382F /* Pods-discoveryApiIosUITests.release.xcconfig */ = {isa = PBXFileReference; includeInIndex = 1; lastKnownFileType = text.xcconfig; name = "Pods-discoveryApiIosUITests.release.xcconfig"; path = "Target Support Files/Pods-discoveryApiIosUITests/Pods-discoveryApiIosUITests.release.xcconfig"; sourceTree = "<group>"; };
/* End PBXFileReference section */

/* Begin PBXFrameworksBuildPhase section */
		5C092F682258D88E00E5FA1B /* Frameworks */ = {
			isa = PBXFrameworksBuildPhase;
			buildActionMask = 2147483647;
			files = (
				4648774E62974B3690D76C4F /* libPods-discoveryApiIos.a in Frameworks */,
			);
			runOnlyForDeploymentPostprocessing = 0;
		};
		5C092F7C2258D89000E5FA1B /* Frameworks */ = {
			isa = PBXFrameworksBuildPhase;
			buildActionMask = 2147483647;
			files = (
				06E1C903338DB67B9ABC2AD6 /* libPods-discoveryApiIosTests.a in Frameworks */,
			);
			runOnlyForDeploymentPostprocessing = 0;
		};
		5C092F872258D89000E5FA1B /* Frameworks */ = {
			isa = PBXFrameworksBuildPhase;
			buildActionMask = 2147483647;
			files = (
				09AC9AD0B1F6C92E9BAE6B6F /* libPods-discoveryApiIosUITests.a in Frameworks */,
			);
			runOnlyForDeploymentPostprocessing = 0;
		};
/* End PBXFrameworksBuildPhase section */

/* Begin PBXGroup section */
		5C092F622258D88E00E5FA1B = {
			isa = PBXGroup;
			children = (
				5C092F6D2258D88E00E5FA1B /* discoveryApiIos */,
				5C092F822258D89000E5FA1B /* discoveryApiIosTests */,
				5C092F8D2258D89100E5FA1B /* discoveryApiIosUITests */,
				5C092F6C2258D88E00E5FA1B /* Products */,
				E096540884E13A6CBE880FF6 /* Pods */,
				C4182264F124DD13CBCA9F02 /* Frameworks */,
			);
			sourceTree = "<group>";
		};
		5C092F6C2258D88E00E5FA1B /* Products */ = {
			isa = PBXGroup;
			children = (
				5C092F6B2258D88E00E5FA1B /* discoveryApiIos.app */,
				5C092F7F2258D89000E5FA1B /* discoveryApiIosTests.xctest */,
				5C092F8A2258D89000E5FA1B /* discoveryApiIosUITests.xctest */,
			);
			name = Products;
			sourceTree = "<group>";
		};
		5C092F6D2258D88E00E5FA1B /* discoveryApiIos */ = {
			isa = PBXGroup;
			children = (
				5C3BB2912279128E00739EEF /* Utils */,
				5CFF043C226232EC00C54F13 /* Controllers */,
				5CE9A8B5225937A500234EA6 /* Views */,
				5CE9A8AF22591EBC00234EA6 /* Data */,
				5C092F9D2258EE2600E5FA1B /* Models */,
				5C092F6E2258D88E00E5FA1B /* AppDelegate.swift */,
				5C092F722258D88E00E5FA1B /* Main.storyboard */,
				5C092F752258D89000E5FA1B /* Assets.xcassets */,
				5C092F772258D89000E5FA1B /* LaunchScreen.storyboard */,
				5C092F7A2258D89000E5FA1B /* Info.plist */,
			);
			path = discoveryApiIos;
			sourceTree = "<group>";
		};
		5C092F822258D89000E5FA1B /* discoveryApiIosTests */ = {
			isa = PBXGroup;
			children = (
				5C092F832258D89000E5FA1B /* discoveryApiIosTests.swift */,
				5C092F852258D89000E5FA1B /* Info.plist */,
			);
			path = discoveryApiIosTests;
			sourceTree = "<group>";
		};
		5C092F8D2258D89100E5FA1B /* discoveryApiIosUITests */ = {
			isa = PBXGroup;
			children = (
				5C092F8E2258D89100E5FA1B /* discoveryApiIosUITests.swift */,
				5C092F902258D89100E5FA1B /* Info.plist */,
			);
			path = discoveryApiIosUITests;
			sourceTree = "<group>";
		};
		5C092F9D2258EE2600E5FA1B /* Models */ = {
			isa = PBXGroup;
			children = (
				5C092F9E2258EE3E00E5FA1B /* Api.swift */,
				5CE9A8B3225920D600234EA6 /* DiscoveryApis.swift */,
			);
			path = Models;
			sourceTree = "<group>";
		};
		5C3BB2912279128E00739EEF /* Utils */ = {
			isa = PBXGroup;
			children = (
				5C3BB292227912CF00739EEF /* TimeTracking.swift */,
			);
			path = Utils;
			sourceTree = "<group>";
		};
		5CE9A8AE22591B0400234EA6 /* Repositories */ = {
			isa = PBXGroup;
			children = (
				5CFF043F2262344200C54F13 /* ApiRemoteRepository.swift */,
			);
			path = Repositories;
			sourceTree = "<group>";
		};
		5CE9A8AF22591EBC00234EA6 /* Data */ = {
			isa = PBXGroup;
			children = (
				5CE9A8B222591F5A00234EA6 /* Local */,
				5CE9A8B022591EC900234EA6 /* Remote */,
			);
			path = Data;
			sourceTree = "<group>";
		};
		5CE9A8B022591EC900234EA6 /* Remote */ = {
			isa = PBXGroup;
			children = (
				5CE9A8B122591ED600234EA6 /* Services */,
				5CE9A8AE22591B0400234EA6 /* Repositories */,
			);
			path = Remote;
			sourceTree = "<group>";
		};
		5CE9A8B122591ED600234EA6 /* Services */ = {
			isa = PBXGroup;
			children = (
				5CFF043D2262337B00C54F13 /* ApiRemoteService.swift */,
			);
			path = Services;
			sourceTree = "<group>";
		};
		5CE9A8B222591F5A00234EA6 /* Local */ = {
			isa = PBXGroup;
			children = (
				5CFF04452262552C00C54F13 /* Services */,
				5CFF04412262400800C54F13 /* DatabaseManager.swift */,
			);
			path = Local;
			sourceTree = "<group>";
		};
		5CE9A8B5225937A500234EA6 /* Views */ = {
			isa = PBXGroup;
			children = (
				5CE9A8B6225937B500234EA6 /* Apis */,
			);
			path = Views;
			sourceTree = "<group>";
		};
		5CE9A8B6225937B500234EA6 /* Apis */ = {
			isa = PBXGroup;
			children = (
				5CE9A8BB2259387A00234EA6 /* ApiViewCell.swift */,
				5C1E14F02275DA8F0074C779 /* FavoriteApiViewCell.swift */,
			);
			path = Apis;
			sourceTree = "<group>";
		};
		5CFF043C226232EC00C54F13 /* Controllers */ = {
			isa = PBXGroup;
			children = (
				5C0A5C572260310A009550BD /* ApiTableViewController.swift */,
				5CFF044822626A3700C54F13 /* FavoriteApisTableViewController.swift */,
			);
			path = Controllers;
			sourceTree = "<group>";
		};
		5CFF04452262552C00C54F13 /* Services */ = {
			isa = PBXGroup;
			children = (
				5CFF04432262552600C54F13 /* ApiLocalService.swift */,
			);
			path = Services;
			sourceTree = "<group>";
		};
		C4182264F124DD13CBCA9F02 /* Frameworks */ = {
			isa = PBXGroup;
			children = (
				A123BF6410958AE7D90A3BBF /* libPods-discoveryApiIos.a */,
				4F7F4827268937CD538F2ADD /* libPods-discoveryApiIosTests.a */,
				144C6E197A4266B5EDE2548B /* libPods-discoveryApiIosUITests.a */,
			);
			name = Frameworks;
			sourceTree = "<group>";
		};
		E096540884E13A6CBE880FF6 /* Pods */ = {
			isa = PBXGroup;
			children = (
				7B531FCE85B691CBF19A817D /* Pods-discoveryApiIos.debug.xcconfig */,
				9D89CE6407ABC7C6D73FE2F1 /* Pods-discoveryApiIos.release.xcconfig */,
				B56FE8E54B08F951EA86D784 /* Pods-discoveryApiIosTests.debug.xcconfig */,
				1D3E849B86E8777E8A13B97B /* Pods-discoveryApiIosTests.release.xcconfig */,
				168E403877E009754267E76A /* Pods-discoveryApiIosUITests.debug.xcconfig */,
				EED59F294667ACFF46C0382F /* Pods-discoveryApiIosUITests.release.xcconfig */,
			);
			path = Pods;
			sourceTree = "<group>";
		};
/* End PBXGroup section */

/* Begin PBXNativeTarget section */
		5C092F6A2258D88E00E5FA1B /* discoveryApiIos */ = {
			isa = PBXNativeTarget;
			buildConfigurationList = 5C092F932258D89100E5FA1B /* Build configuration list for PBXNativeTarget "discoveryApiIos" */;
			buildPhases = (
				1BFCF8729C95B62FF112BB7B /* [CP] Check Pods Manifest.lock */,
				5C092F672258D88E00E5FA1B /* Sources */,
				5C092F682258D88E00E5FA1B /* Frameworks */,
				5C092F692258D88E00E5FA1B /* Resources */,
			);
			buildRules = (
			);
			dependencies = (
			);
			name = discoveryApiIos;
			productName = discoveryApiIos;
			productReference = 5C092F6B2258D88E00E5FA1B /* discoveryApiIos.app */;
			productType = "com.apple.product-type.application";
		};
		5C092F7E2258D89000E5FA1B /* discoveryApiIosTests */ = {
			isa = PBXNativeTarget;
			buildConfigurationList = 5C092F962258D89100E5FA1B /* Build configuration list for PBXNativeTarget "discoveryApiIosTests" */;
			buildPhases = (
				A251158B686555FB35E21F6F /* [CP] Check Pods Manifest.lock */,
				5C092F7B2258D89000E5FA1B /* Sources */,
				5C092F7C2258D89000E5FA1B /* Frameworks */,
				5C092F7D2258D89000E5FA1B /* Resources */,
			);
			buildRules = (
			);
			dependencies = (
				5C092F812258D89000E5FA1B /* PBXTargetDependency */,
			);
			name = discoveryApiIosTests;
			productName = discoveryApiIosTests;
			productReference = 5C092F7F2258D89000E5FA1B /* discoveryApiIosTests.xctest */;
			productType = "com.apple.product-type.bundle.unit-test";
		};
		5C092F892258D89000E5FA1B /* discoveryApiIosUITests */ = {
			isa = PBXNativeTarget;
			buildConfigurationList = 5C092F992258D89100E5FA1B /* Build configuration list for PBXNativeTarget "discoveryApiIosUITests" */;
			buildPhases = (
				2CAAC040A3EB69B5537FE2BC /* [CP] Check Pods Manifest.lock */,
				5C092F862258D89000E5FA1B /* Sources */,
				5C092F872258D89000E5FA1B /* Frameworks */,
				5C092F882258D89000E5FA1B /* Resources */,
			);
			buildRules = (
			);
			dependencies = (
				5C092F8C2258D89000E5FA1B /* PBXTargetDependency */,
			);
			name = discoveryApiIosUITests;
			productName = discoveryApiIosUITests;
			productReference = 5C092F8A2258D89000E5FA1B /* discoveryApiIosUITests.xctest */;
			productType = "com.apple.product-type.bundle.ui-testing";
		};
/* End PBXNativeTarget section */

/* Begin PBXProject section */
		5C092F632258D88E00E5FA1B /* Project object */ = {
			isa = PBXProject;
			attributes = {
				LastSwiftUpdateCheck = 1010;
				LastUpgradeCheck = 1010;
				ORGANIZATIONNAME = "Lucas Pugliese";
				TargetAttributes = {
					5C092F6A2258D88E00E5FA1B = {
						CreatedOnToolsVersion = 10.1;
						ProvisioningStyle = Automatic;
					};
					5C092F7E2258D89000E5FA1B = {
						CreatedOnToolsVersion = 10.1;
						ProvisioningStyle = Automatic;
						TestTargetID = 5C092F6A2258D88E00E5FA1B;
					};
					5C092F892258D89000E5FA1B = {
						CreatedOnToolsVersion = 10.1;
						ProvisioningStyle = Automatic;
						TestTargetID = 5C092F6A2258D88E00E5FA1B;
					};
				};
			};
			buildConfigurationList = 5C092F662258D88E00E5FA1B /* Build configuration list for PBXProject "discoveryApiIos" */;
			compatibilityVersion = "Xcode 8.0";
			developmentRegion = en;
			hasScannedForEncodings = 0;
			knownRegions = (
				en,
				Base,
			);
			mainGroup = 5C092F622258D88E00E5FA1B;
			productRefGroup = 5C092F6C2258D88E00E5FA1B /* Products */;
			projectDirPath = "";
			projectRoot = "";
			targets = (
				5C092F6A2258D88E00E5FA1B /* discoveryApiIos */,
				5C092F7E2258D89000E5FA1B /* discoveryApiIosTests */,
				5C092F892258D89000E5FA1B /* discoveryApiIosUITests */,
			);
		};
/* End PBXProject section */

/* Begin PBXResourcesBuildPhase section */
		5C092F692258D88E00E5FA1B /* Resources */ = {
			isa = PBXResourcesBuildPhase;
			buildActionMask = 2147483647;
			files = (
				5C092F792258D89000E5FA1B /* LaunchScreen.storyboard in Resources */,
				5C092F762258D89000E5FA1B /* Assets.xcassets in Resources */,
				5C092F742258D88E00E5FA1B /* Main.storyboard in Resources */,
			);
			runOnlyForDeploymentPostprocessing = 0;
		};
		5C092F7D2258D89000E5FA1B /* Resources */ = {
			isa = PBXResourcesBuildPhase;
			buildActionMask = 2147483647;
			files = (
			);
			runOnlyForDeploymentPostprocessing = 0;
		};
		5C092F882258D89000E5FA1B /* Resources */ = {
			isa = PBXResourcesBuildPhase;
			buildActionMask = 2147483647;
			files = (
			);
			runOnlyForDeploymentPostprocessing = 0;
		};
/* End PBXResourcesBuildPhase section */

/* Begin PBXShellScriptBuildPhase section */
		1BFCF8729C95B62FF112BB7B /* [CP] Check Pods Manifest.lock */ = {
			isa = PBXShellScriptBuildPhase;
			buildActionMask = 2147483647;
			files = (
			);
			inputFileListPaths = (
			);
			inputPaths = (
				"${PODS_PODFILE_DIR_PATH}/Podfile.lock",
				"${PODS_ROOT}/Manifest.lock",
			);
			name = "[CP] Check Pods Manifest.lock";
			outputFileListPaths = (
			);
			outputPaths = (
				"$(DERIVED_FILE_DIR)/Pods-discoveryApiIos-checkManifestLockResult.txt",
			);
			runOnlyForDeploymentPostprocessing = 0;
			shellPath = /bin/sh;
			shellScript = "diff \"${PODS_PODFILE_DIR_PATH}/Podfile.lock\" \"${PODS_ROOT}/Manifest.lock\" > /dev/null\nif [ $? != 0 ] ; then\n    # print error to STDERR\n    echo \"error: The sandbox is not in sync with the Podfile.lock. Run 'pod install' or update your CocoaPods installation.\" >&2\n    exit 1\nfi\n# This output is used by Xcode 'outputs' to avoid re-running this script phase.\necho \"SUCCESS\" > \"${SCRIPT_OUTPUT_FILE_0}\"\n";
			showEnvVarsInLog = 0;
		};
		2CAAC040A3EB69B5537FE2BC /* [CP] Check Pods Manifest.lock */ = {
			isa = PBXShellScriptBuildPhase;
			buildActionMask = 2147483647;
			files = (
			);
			inputFileListPaths = (
			);
			inputPaths = (
				"${PODS_PODFILE_DIR_PATH}/Podfile.lock",
				"${PODS_ROOT}/Manifest.lock",
			);
			name = "[CP] Check Pods Manifest.lock";
			outputFileListPaths = (
			);
			outputPaths = (
				"$(DERIVED_FILE_DIR)/Pods-discoveryApiIosUITests-checkManifestLockResult.txt",
			);
			runOnlyForDeploymentPostprocessing = 0;
			shellPath = /bin/sh;
			shellScript = "diff \"${PODS_PODFILE_DIR_PATH}/Podfile.lock\" \"${PODS_ROOT}/Manifest.lock\" > /dev/null\nif [ $? != 0 ] ; then\n    # print error to STDERR\n    echo \"error: The sandbox is not in sync with the Podfile.lock. Run 'pod install' or update your CocoaPods installation.\" >&2\n    exit 1\nfi\n# This output is used by Xcode 'outputs' to avoid re-running this script phase.\necho \"SUCCESS\" > \"${SCRIPT_OUTPUT_FILE_0}\"\n";
			showEnvVarsInLog = 0;
		};
		A251158B686555FB35E21F6F /* [CP] Check Pods Manifest.lock */ = {
			isa = PBXShellScriptBuildPhase;
			buildActionMask = 2147483647;
			files = (
			);
			inputFileListPaths = (
			);
			inputPaths = (
				"${PODS_PODFILE_DIR_PATH}/Podfile.lock",
				"${PODS_ROOT}/Manifest.lock",
			);
			name = "[CP] Check Pods Manifest.lock";
			outputFileListPaths = (
			);
			outputPaths = (
				"$(DERIVED_FILE_DIR)/Pods-discoveryApiIosTests-checkManifestLockResult.txt",
			);
			runOnlyForDeploymentPostprocessing = 0;
			shellPath = /bin/sh;
			shellScript = "diff \"${PODS_PODFILE_DIR_PATH}/Podfile.lock\" \"${PODS_ROOT}/Manifest.lock\" > /dev/null\nif [ $? != 0 ] ; then\n    # print error to STDERR\n    echo \"error: The sandbox is not in sync with the Podfile.lock. Run 'pod install' or update your CocoaPods installation.\" >&2\n    exit 1\nfi\n# This output is used by Xcode 'outputs' to avoid re-running this script phase.\necho \"SUCCESS\" > \"${SCRIPT_OUTPUT_FILE_0}\"\n";
			showEnvVarsInLog = 0;
		};
/* End PBXShellScriptBuildPhase section */

/* Begin PBXSourcesBuildPhase section */
		5C092F672258D88E00E5FA1B /* Sources */ = {
			isa = PBXSourcesBuildPhase;
			buildActionMask = 2147483647;
			files = (
				5CFF04422262400800C54F13 /* DatabaseManager.swift in Sources */,
				5C092F9F2258EE3E00E5FA1B /* Api.swift in Sources */,
				5C092F6F2258D88E00E5FA1B /* AppDelegate.swift in Sources */,
				5CFF043E2262337B00C54F13 /* ApiRemoteService.swift in Sources */,
				5CE9A8B4225920D600234EA6 /* DiscoveryApis.swift in Sources */,
				5C1E14F12275DA8F0074C779 /* FavoriteApiViewCell.swift in Sources */,
				5C0A5C582260310A009550BD /* ApiTableViewController.swift in Sources */,
				5CFF044922626A3700C54F13 /* FavoriteApisTableViewController.swift in Sources */,
				5CFF04442262552600C54F13 /* ApiLocalService.swift in Sources */,
				5CFF04402262344200C54F13 /* ApiRemoteRepository.swift in Sources */,
				5CE9A8BC2259387A00234EA6 /* ApiViewCell.swift in Sources */,
				5C3BB293227912CF00739EEF /* TimeTracking.swift in Sources */,
			);
			runOnlyForDeploymentPostprocessing = 0;
		};
		5C092F7B2258D89000E5FA1B /* Sources */ = {
			isa = PBXSourcesBuildPhase;
			buildActionMask = 2147483647;
			files = (
				5C092F842258D89000E5FA1B /* discoveryApiIosTests.swift in Sources */,
			);
			runOnlyForDeploymentPostprocessing = 0;
		};
		5C092F862258D89000E5FA1B /* Sources */ = {
			isa = PBXSourcesBuildPhase;
			buildActionMask = 2147483647;
			files = (
				5C092F8F2258D89100E5FA1B /* discoveryApiIosUITests.swift in Sources */,
			);
			runOnlyForDeploymentPostprocessing = 0;
		};
/* End PBXSourcesBuildPhase section */

/* Begin PBXTargetDependency section */
		5C092F812258D89000E5FA1B /* PBXTargetDependency */ = {
			isa = PBXTargetDependency;
			target = 5C092F6A2258D88E00E5FA1B /* discoveryApiIos */;
			targetProxy = 5C092F802258D89000E5FA1B /* PBXContainerItemProxy */;
		};
		5C092F8C2258D89000E5FA1B /* PBXTargetDependency */ = {
			isa = PBXTargetDependency;
			target = 5C092F6A2258D88E00E5FA1B /* discoveryApiIos */;
			targetProxy = 5C092F8B2258D89000E5FA1B /* PBXContainerItemProxy */;
		};
/* End PBXTargetDependency section */

/* Begin PBXVariantGroup section */
		5C092F722258D88E00E5FA1B /* Main.storyboard */ = {
			isa = PBXVariantGroup;
			children = (
				5C092F732258D88E00E5FA1B /* Base */,
			);
			name = Main.storyboard;
			sourceTree = "<group>";
		};
		5C092F772258D89000E5FA1B /* LaunchScreen.storyboard */ = {
			isa = PBXVariantGroup;
			children = (
				5C092F782258D89000E5FA1B /* Base */,
			);
			name = LaunchScreen.storyboard;
			sourceTree = "<group>";
		};
/* End PBXVariantGroup section */

/* Begin XCBuildConfiguration section */
		5C092F912258D89100E5FA1B /* Debug */ = {
			isa = XCBuildConfiguration;
			buildSettings = {
				ALWAYS_SEARCH_USER_PATHS = NO;
				CLANG_ANALYZER_NONNULL = YES;
				CLANG_ANALYZER_NUMBER_OBJECT_CONVERSION = YES_AGGRESSIVE;
				CLANG_CXX_LANGUAGE_STANDARD = "gnu++14";
				CLANG_CXX_LIBRARY = "libc++";
				CLANG_ENABLE_MODULES = YES;
				CLANG_ENABLE_OBJC_ARC = YES;
				CLANG_ENABLE_OBJC_WEAK = YES;
				CLANG_WARN_BLOCK_CAPTURE_AUTORELEASING = YES;
				CLANG_WARN_BOOL_CONVERSION = YES;
				CLANG_WARN_COMMA = YES;
				CLANG_WARN_CONSTANT_CONVERSION = YES;
				CLANG_WARN_DEPRECATED_OBJC_IMPLEMENTATIONS = YES;
				CLANG_WARN_DIRECT_OBJC_ISA_USAGE = YES_ERROR;
				CLANG_WARN_DOCUMENTATION_COMMENTS = YES;
				CLANG_WARN_EMPTY_BODY = YES;
				CLANG_WARN_ENUM_CONVERSION = YES;
				CLANG_WARN_INFINITE_RECURSION = YES;
				CLANG_WARN_INT_CONVERSION = YES;
				CLANG_WARN_NON_LITERAL_NULL_CONVERSION = YES;
				CLANG_WARN_OBJC_IMPLICIT_RETAIN_SELF = YES;
				CLANG_WARN_OBJC_LITERAL_CONVERSION = YES;
				CLANG_WARN_OBJC_ROOT_CLASS = YES_ERROR;
				CLANG_WARN_RANGE_LOOP_ANALYSIS = YES;
				CLANG_WARN_STRICT_PROTOTYPES = YES;
				CLANG_WARN_SUSPICIOUS_MOVE = YES;
				CLANG_WARN_UNGUARDED_AVAILABILITY = YES_AGGRESSIVE;
				CLANG_WARN_UNREACHABLE_CODE = YES;
				CLANG_WARN__DUPLICATE_METHOD_MATCH = YES;
				CODE_SIGN_IDENTITY = "iPhone Developer";
				COPY_PHASE_STRIP = NO;
				DEBUG_INFORMATION_FORMAT = dwarf;
				ENABLE_STRICT_OBJC_MSGSEND = YES;
				ENABLE_TESTABILITY = YES;
				GCC_C_LANGUAGE_STANDARD = gnu11;
				GCC_DYNAMIC_NO_PIC = NO;
				GCC_NO_COMMON_BLOCKS = YES;
				GCC_OPTIMIZATION_LEVEL = 0;
				GCC_PREPROCESSOR_DEFINITIONS = (
					"DEBUG=1",
					"$(inherited)",
				);
				GCC_WARN_64_TO_32_BIT_CONVERSION = YES;
				GCC_WARN_ABOUT_RETURN_TYPE = YES_ERROR;
				GCC_WARN_UNDECLARED_SELECTOR = YES;
				GCC_WARN_UNINITIALIZED_AUTOS = YES_AGGRESSIVE;
				GCC_WARN_UNUSED_FUNCTION = YES;
				GCC_WARN_UNUSED_VARIABLE = YES;
				IPHONEOS_DEPLOYMENT_TARGET = 12.1;
				MTL_ENABLE_DEBUG_INFO = INCLUDE_SOURCE;
				MTL_FAST_MATH = YES;
				ONLY_ACTIVE_ARCH = YES;
				SDKROOT = iphoneos;
				SWIFT_ACTIVE_COMPILATION_CONDITIONS = DEBUG;
				SWIFT_OPTIMIZATION_LEVEL = "-Onone";
			};
			name = Debug;
		};
		5C092F922258D89100E5FA1B /* Release */ = {
			isa = XCBuildConfiguration;
			buildSettings = {
				ALWAYS_SEARCH_USER_PATHS = NO;
				CLANG_ANALYZER_NONNULL = YES;
				CLANG_ANALYZER_NUMBER_OBJECT_CONVERSION = YES_AGGRESSIVE;
				CLANG_CXX_LANGUAGE_STANDARD = "gnu++14";
				CLANG_CXX_LIBRARY = "libc++";
				CLANG_ENABLE_MODULES = YES;
				CLANG_ENABLE_OBJC_ARC = YES;
				CLANG_ENABLE_OBJC_WEAK = YES;
				CLANG_WARN_BLOCK_CAPTURE_AUTORELEASING = YES;
				CLANG_WARN_BOOL_CONVERSION = YES;
				CLANG_WARN_COMMA = YES;
				CLANG_WARN_CONSTANT_CONVERSION = YES;
				CLANG_WARN_DEPRECATED_OBJC_IMPLEMENTATIONS = YES;
				CLANG_WARN_DIRECT_OBJC_ISA_USAGE = YES_ERROR;
				CLANG_WARN_DOCUMENTATION_COMMENTS = YES;
				CLANG_WARN_EMPTY_BODY = YES;
				CLANG_WARN_ENUM_CONVERSION = YES;
				CLANG_WARN_INFINITE_RECURSION = YES;
				CLANG_WARN_INT_CONVERSION = YES;
				CLANG_WARN_NON_LITERAL_NULL_CONVERSION = YES;
				CLANG_WARN_OBJC_IMPLICIT_RETAIN_SELF = YES;
				CLANG_WARN_OBJC_LITERAL_CONVERSION = YES;
				CLANG_WARN_OBJC_ROOT_CLASS = YES_ERROR;
				CLANG_WARN_RANGE_LOOP_ANALYSIS = YES;
				CLANG_WARN_STRICT_PROTOTYPES = YES;
				CLANG_WARN_SUSPICIOUS_MOVE = YES;
				CLANG_WARN_UNGUARDED_AVAILABILITY = YES_AGGRESSIVE;
				CLANG_WARN_UNREACHABLE_CODE = YES;
				CLANG_WARN__DUPLICATE_METHOD_MATCH = YES;
				CODE_SIGN_IDENTITY = "iPhone Developer";
				COPY_PHASE_STRIP = NO;
				DEBUG_INFORMATION_FORMAT = "dwarf-with-dsym";
				ENABLE_NS_ASSERTIONS = NO;
				ENABLE_STRICT_OBJC_MSGSEND = YES;
				GCC_C_LANGUAGE_STANDARD = gnu11;
				GCC_NO_COMMON_BLOCKS = YES;
				GCC_WARN_64_TO_32_BIT_CONVERSION = YES;
				GCC_WARN_ABOUT_RETURN_TYPE = YES_ERROR;
				GCC_WARN_UNDECLARED_SELECTOR = YES;
				GCC_WARN_UNINITIALIZED_AUTOS = YES_AGGRESSIVE;
				GCC_WARN_UNUSED_FUNCTION = YES;
				GCC_WARN_UNUSED_VARIABLE = YES;
				IPHONEOS_DEPLOYMENT_TARGET = 12.1;
				MTL_ENABLE_DEBUG_INFO = NO;
				MTL_FAST_MATH = YES;
				SDKROOT = iphoneos;
				SWIFT_OPTIMIZATION_LEVEL = "-Owholemodule";
				VALIDATE_PRODUCT = YES;
			};
			name = Release;
		};
		5C092F942258D89100E5FA1B /* Debug */ = {
			isa = XCBuildConfiguration;
			baseConfigurationReference = 7B531FCE85B691CBF19A817D /* Pods-discoveryApiIos.debug.xcconfig */;
			buildSettings = {
				ASSETCATALOG_COMPILER_APPICON_NAME = AppIcon;
				CODE_SIGN_STYLE = Automatic;
				INFOPLIST_FILE = discoveryApiIos/Info.plist;
				LD_RUNPATH_SEARCH_PATHS = "$(inherited) @executable_path/Frameworks";
				PRODUCT_BUNDLE_IDENTIFIER = com.barros.pugliese.discoveryApiIos;
				PRODUCT_NAME = "$(TARGET_NAME)";
				SWIFT_VERSION = 4.2;
				TARGETED_DEVICE_FAMILY = "1,2";
			};
			name = Debug;
		};
		5C092F952258D89100E5FA1B /* Release */ = {
			isa = XCBuildConfiguration;
			baseConfigurationReference = 9D89CE6407ABC7C6D73FE2F1 /* Pods-discoveryApiIos.release.xcconfig */;
			buildSettings = {
				ASSETCATALOG_COMPILER_APPICON_NAME = AppIcon;
				CODE_SIGN_STYLE = Automatic;
				INFOPLIST_FILE = discoveryApiIos/Info.plist;
				LD_RUNPATH_SEARCH_PATHS = "$(inherited) @executable_path/Frameworks";
				PRODUCT_BUNDLE_IDENTIFIER = com.barros.pugliese.discoveryApiIos;
				PRODUCT_NAME = "$(TARGET_NAME)";
				SWIFT_VERSION = 4.2;
				TARGETED_DEVICE_FAMILY = "1,2";
			};
			name = Release;
		};
		5C092F972258D89100E5FA1B /* Debug */ = {
			isa = XCBuildConfiguration;
			baseConfigurationReference = B56FE8E54B08F951EA86D784 /* Pods-discoveryApiIosTests.debug.xcconfig */;
			buildSettings = {
				ALWAYS_EMBED_SWIFT_STANDARD_LIBRARIES = YES;
				BUNDLE_LOADER = "$(TEST_HOST)";
				CODE_SIGN_STYLE = Automatic;
				INFOPLIST_FILE = discoveryApiIosTests/Info.plist;
				LD_RUNPATH_SEARCH_PATHS = "$(inherited) @executable_path/Frameworks @loader_path/Frameworks";
				PRODUCT_BUNDLE_IDENTIFIER = com.barros.pugliese.discoveryApiIosTests;
				PRODUCT_NAME = "$(TARGET_NAME)";
				SWIFT_VERSION = 4.2;
				TARGETED_DEVICE_FAMILY = "1,2";
				TEST_HOST = "$(BUILT_PRODUCTS_DIR)/discoveryApiIos.app/discoveryApiIos";
			};
			name = Debug;
		};
		5C092F982258D89100E5FA1B /* Release */ = {
			isa = XCBuildConfiguration;
			baseConfigurationReference = 1D3E849B86E8777E8A13B97B /* Pods-discoveryApiIosTests.release.xcconfig */;
			buildSettings = {
				ALWAYS_EMBED_SWIFT_STANDARD_LIBRARIES = YES;
				BUNDLE_LOADER = "$(TEST_HOST)";
				CODE_SIGN_STYLE = Automatic;
				INFOPLIST_FILE = discoveryApiIosTests/Info.plist;
				LD_RUNPATH_SEARCH_PATHS = "$(inherited) @executable_path/Frameworks @loader_path/Frameworks";
				PRODUCT_BUNDLE_IDENTIFIER = com.barros.pugliese.discoveryApiIosTests;
				PRODUCT_NAME = "$(TARGET_NAME)";
				SWIFT_VERSION = 4.2;
				TARGETED_DEVICE_FAMILY = "1,2";
				TEST_HOST = "$(BUILT_PRODUCTS_DIR)/discoveryApiIos.app/discoveryApiIos";
			};
			name = Release;
		};
		5C092F9A2258D89100E5FA1B /* Debug */ = {
			isa = XCBuildConfiguration;
			baseConfigurationReference = 168E403877E009754267E76A /* Pods-discoveryApiIosUITests.debug.xcconfig */;
			buildSettings = {
				ALWAYS_EMBED_SWIFT_STANDARD_LIBRARIES = YES;
				CODE_SIGN_STYLE = Automatic;
				INFOPLIST_FILE = discoveryApiIosUITests/Info.plist;
				LD_RUNPATH_SEARCH_PATHS = "$(inherited) @executable_path/Frameworks @loader_path/Frameworks";
				PRODUCT_BUNDLE_IDENTIFIER = com.barros.pugliese.discoveryApiIosUITests;
				PRODUCT_NAME = "$(TARGET_NAME)";
				SWIFT_VERSION = 4.2;
				TARGETED_DEVICE_FAMILY = "1,2";
				TEST_TARGET_NAME = discoveryApiIos;
			};
			name = Debug;
		};
		5C092F9B2258D89100E5FA1B /* Release */ = {
			isa = XCBuildConfiguration;
			baseConfigurationReference = EED59F294667ACFF46C0382F /* Pods-discoveryApiIosUITests.release.xcconfig */;
			buildSettings = {
				ALWAYS_EMBED_SWIFT_STANDARD_LIBRARIES = YES;
				CODE_SIGN_STYLE = Automatic;
				INFOPLIST_FILE = discoveryApiIosUITests/Info.plist;
				LD_RUNPATH_SEARCH_PATHS = "$(inherited) @executable_path/Frameworks @loader_path/Frameworks";
				PRODUCT_BUNDLE_IDENTIFIER = com.barros.pugliese.discoveryApiIosUITests;
				PRODUCT_NAME = "$(TARGET_NAME)";
				SWIFT_VERSION = 4.2;
				TARGETED_DEVICE_FAMILY = "1,2";
				TEST_TARGET_NAME = discoveryApiIos;
			};
			name = Release;
		};
/* End XCBuildConfiguration section */

/* Begin XCConfigurationList section */
		5C092F662258D88E00E5FA1B /* Build configuration list for PBXProject "discoveryApiIos" */ = {
			isa = XCConfigurationList;
			buildConfigurations = (
				5C092F912258D89100E5FA1B /* Debug */,
				5C092F922258D89100E5FA1B /* Release */,
			);
			defaultConfigurationIsVisible = 0;
			defaultConfigurationName = Release;
		};
		5C092F932258D89100E5FA1B /* Build configuration list for PBXNativeTarget "discoveryApiIos" */ = {
			isa = XCConfigurationList;
			buildConfigurations = (
				5C092F942258D89100E5FA1B /* Debug */,
				5C092F952258D89100E5FA1B /* Release */,
			);
			defaultConfigurationIsVisible = 0;
			defaultConfigurationName = Release;
		};
		5C092F962258D89100E5FA1B /* Build configuration list for PBXNativeTarget "discoveryApiIosTests" */ = {
			isa = XCConfigurationList;
			buildConfigurations = (
				5C092F972258D89100E5FA1B /* Debug */,
				5C092F982258D89100E5FA1B /* Release */,
			);
			defaultConfigurationIsVisible = 0;
			defaultConfigurationName = Release;
		};
		5C092F992258D89100E5FA1B /* Build configuration list for PBXNativeTarget "discoveryApiIosUITests" */ = {
			isa = XCConfigurationList;
			buildConfigurations = (
				5C092F9A2258D89100E5FA1B /* Debug */,
				5C092F9B2258D89100E5FA1B /* Release */,
			);
			defaultConfigurationIsVisible = 0;
			defaultConfigurationName = Release;
		};
/* End XCConfigurationList section */
	};
	rootObject = 5C092F632258D88E00E5FA1B /* Project object */;
}
